
Microsoft Visual Studio Solution File, Format Version 12.00
# Visual Studio Version 17
VisualStudioVersion = 17.7.34031.279
MinimumVisualStudioVersion = 10.0.40219.1
Project("{FAE04EC0-301F-11D3-BF4B-00C04F79EFBC}") = "Ej1.Fechas", "Ej1.Fechas.csproj", "{79227EE7-A44A-45EE-8CA8-6777FD273E7F}"
EndProject
Global
	GlobalSection(SolutionConfigurationPlatforms) = preSolution
		Debug|Any CPU = Debug|Any CPU
		Release|Any CPU = Release|Any CPU
	EndGlobalSection
	GlobalSection(ProjectConfigurationPlatforms) = postSolution
		{79227EE7-A44A-45EE-8CA8-6777FD273E7F}.Debug|Any CPU.ActiveCfg = Debug|Any CPU
		{79227EE7-A44A-45EE-8CA8-6777FD273E7F}.Debug|Any CPU.Build.0 = Debug|Any CPU
		{79227EE7-A44A-45EE-8CA8-6777FD273E7F}.Release|Any CPU.ActiveCfg = Release|Any CPU
		{79227EE7-A44A-45EE-8CA8-6777FD273E7F}.Release|Any CPU.Build.0 = Release|Any CPU
	EndGlobalSection
	GlobalSection(SolutionProperties) = preSolution
		HideSolutionNode = FALSE
	EndGlobalSection
	GlobalSection(ExtensibilityGlobals) = postSolution
		SolutionGuid = {DF6A3E5B-36EA-4492-8E04-511036D53169}
	EndGlobalSection
EndGlobal
